// !$*UTF8*$!
{
	archiveVersion = 1;
	classes = {
	};
	objectVersion = 50;
	objects = {

/* Begin PBXBuildFile section */
		01C20A3D20EB97D600889247 /* AppDelegate.swift in Sources */ = {isa = PBXBuildFile; fileRef = 01C20A3C20EB97D600889247 /* AppDelegate.swift */; };
		01C20A3F20EB97D600889247 /* ViewController.swift in Sources */ = {isa = PBXBuildFile; fileRef = 01C20A3E20EB97D600889247 /* ViewController.swift */; };
		01C20A4220EB97D600889247 /* Main.storyboard in Resources */ = {isa = PBXBuildFile; fileRef = 01C20A4020EB97D600889247 /* Main.storyboard */; };
		01C20A4420EB97D700889247 /* Assets.xcassets in Resources */ = {isa = PBXBuildFile; fileRef = 01C20A4320EB97D700889247 /* Assets.xcassets */; };
		01C20A4720EB97D700889247 /* LaunchScreen.storyboard in Resources */ = {isa = PBXBuildFile; fileRef = 01C20A4520EB97D700889247 /* LaunchScreen.storyboard */; };
		01C20A4F20EB986800889247 /* GUMenuController.swift in Sources */ = {isa = PBXBuildFile; fileRef = 01C20A4E20EB986800889247 /* GUMenuController.swift */; };
		01C20A5220EB993900889247 /* MenuItem.swift in Sources */ = {isa = PBXBuildFile; fileRef = 01C20A5120EB993900889247 /* MenuItem.swift */; };
		01C20A5420EBA19000889247 /* GUMenuController.xib in Resources */ = {isa = PBXBuildFile; fileRef = 01C20A5320EBA19000889247 /* GUMenuController.xib */; };
		01D4F90C20ECC3C300B40829 /* MenuItemTableViewCell.swift in Sources */ = {isa = PBXBuildFile; fileRef = 01D4F90B20ECC3C300B40829 /* MenuItemTableViewCell.swift */; };
/* End PBXBuildFile section */

/* Begin PBXFileReference section */
		01C20A3920EB97D600889247 /* MenuController.app */ = {isa = PBXFileReference; explicitFileType = wrapper.application; includeInIndex = 0; path = MenuController.app; sourceTree = BUILT_PRODUCTS_DIR; };
		01C20A3C20EB97D600889247 /* AppDelegate.swift */ = {isa = PBXFileReference; lastKnownFileType = sourcecode.swift; path = AppDelegate.swift; sourceTree = "<group>"; };
		01C20A3E20EB97D600889247 /* ViewController.swift */ = {isa = PBXFileReference; lastKnownFileType = sourcecode.swift; path = ViewController.swift; sourceTree = "<group>"; };
		01C20A4120EB97D600889247 /* Base */ = {isa = PBXFileReference; lastKnownFileType = file.storyboard; name = Base; path = Base.lproj/Main.storyboard; sourceTree = "<group>"; };
		01C20A4320EB97D700889247 /* Assets.xcassets */ = {isa = PBXFileReference; lastKnownFileType = folder.assetcatalog; path = Assets.xcassets; sourceTree = "<group>"; };
		01C20A4620EB97D700889247 /* Base */ = {isa = PBXFileReference; lastKnownFileType = file.storyboard; name = Base; path = Base.lproj/LaunchScreen.storyboard; sourceTree = "<group>"; };
		01C20A4820EB97D700889247 /* Info.plist */ = {isa = PBXFileReference; lastKnownFileType = text.plist.xml; path = Info.plist; sourceTree = "<group>"; };
		01C20A4E20EB986800889247 /* GUMenuController.swift */ = {isa = PBXFileReference; lastKnownFileType = sourcecode.swift; path = GUMenuController.swift; sourceTree = "<group>"; };
		01C20A5120EB993900889247 /* MenuItem.swift */ = {isa = PBXFileReference; lastKnownFileType = sourcecode.swift; path = MenuItem.swift; sourceTree = "<group>"; };
		01C20A5320EBA19000889247 /* GUMenuController.xib */ = {isa = PBXFileReference; lastKnownFileType = file.xib; path = GUMenuController.xib; sourceTree = "<group>"; };
		01D4F90B20ECC3C300B40829 /* MenuItemTableViewCell.swift */ = {isa = PBXFileReference; lastKnownFileType = sourcecode.swift; path = MenuItemTableViewCell.swift; sourceTree = "<group>"; };
/* End PBXFileReference section */

/* Begin PBXFrameworksBuildPhase section */
		01C20A3620EB97D600889247 /* Frameworks */ = {
			isa = PBXFrameworksBuildPhase;
			buildActionMask = 2147483647;
			files = (
			);
			runOnlyForDeploymentPostprocessing = 0;
		};
/* End PBXFrameworksBuildPhase section */

/* Begin PBXGroup section */
		01C20A3020EB97D600889247 = {
			isa = PBXGroup;
			children = (
				01C20A3B20EB97D600889247 /* MenuController */,
				01C20A3A20EB97D600889247 /* Products */,
			);
			sourceTree = "<group>";
		};
		01C20A3A20EB97D600889247 /* Products */ = {
			isa = PBXGroup;
			children = (
				01C20A3920EB97D600889247 /* MenuController.app */,
			);
			name = Products;
			sourceTree = "<group>";
		};
		01C20A3B20EB97D600889247 /* MenuController */ = {
			isa = PBXGroup;
			children = (
				01C20A3C20EB97D600889247 /* AppDelegate.swift */,
				01C20A3E20EB97D600889247 /* ViewController.swift */,
				01C20A4020EB97D600889247 /* Main.storyboard */,
				01C20A4320EB97D700889247 /* Assets.xcassets */,
				01C20A4520EB97D700889247 /* LaunchScreen.storyboard */,
				01C20A4820EB97D700889247 /* Info.plist */,
				01C20A5020EB987600889247 /* Controller */,
			);
			path = MenuController;
			sourceTree = "<group>";
		};
		01C20A5020EB987600889247 /* Controller */ = {
			isa = PBXGroup;
			children = (
				01C20A4E20EB986800889247 /* GUMenuController.swift */,
				01C20A5320EBA19000889247 /* GUMenuController.xib */,
				01D4F90B20ECC3C300B40829 /* MenuItemTableViewCell.swift */,
				01C20A5120EB993900889247 /* MenuItem.swift */,
			);
			path = Controller;
			sourceTree = "<group>";
		};
/* End PBXGroup section */

/* Begin PBXNativeTarget section */
		01C20A3820EB97D600889247 /* MenuController */ = {
			isa = PBXNativeTarget;
			buildConfigurationList = 01C20A4B20EB97D700889247 /* Build configuration list for PBXNativeTarget "MenuController" */;
			buildPhases = (
				01C20A3520EB97D600889247 /* Sources */,
				01C20A3620EB97D600889247 /* Frameworks */,
				01C20A3720EB97D600889247 /* Resources */,
			);
			buildRules = (
			);
			dependencies = (
			);
			name = MenuController;
			productName = MenuController;
			productReference = 01C20A3920EB97D600889247 /* MenuController.app */;
			productType = "com.apple.product-type.application";
		};
/* End PBXNativeTarget section */

/* Begin PBXProject section */
		01C20A3120EB97D600889247 /* Project object */ = {
			isa = PBXProject;
			attributes = {
				LastSwiftUpdateCheck = 0940;
				LastUpgradeCheck = 0940;
				ORGANIZATIONNAME = Gutte;
				TargetAttributes = {
					01C20A3820EB97D600889247 = {
						CreatedOnToolsVersion = 9.4.1;
					};
				};
			};
			buildConfigurationList = 01C20A3420EB97D600889247 /* Build configuration list for PBXProject "MenuController" */;
			compatibilityVersion = "Xcode 9.3";
			developmentRegion = en;
			hasScannedForEncodings = 0;
			knownRegions = (
				en,
				Base,
			);
			mainGroup = 01C20A3020EB97D600889247;
			productRefGroup = 01C20A3A20EB97D600889247 /* Products */;
			projectDirPath = "";
			projectRoot = "";
			targets = (
				01C20A3820EB97D600889247 /* MenuController */,
			);
		};
/* End PBXProject section */

/* Begin PBXResourcesBuildPhase section */
		01C20A3720EB97D600889247 /* Resources */ = {
			isa = PBXResourcesBuildPhase;
			buildActionMask = 2147483647;
			files = (
				01C20A4720EB97D700889247 /* LaunchScreen.storyboard in Resources */,
				01C20A4420EB97D700889247 /* Assets.xcassets in Resources */,
				01C20A5420EBA19000889247 /* GUMenuController.xib in Resources */,
				01C20A4220EB97D600889247 /* Main.storyboard in Resources */,
			);
			runOnlyForDeploymentPostprocessing = 0;
		};
/* End PBXResourcesBuildPhase section */

/* Begin PBXSourcesBuildPhase section */
		01C20A3520EB97D600889247 /* Sources */ = {
			isa = PBXSourcesBuildPhase;
			buildActionMask = 2147483647;
			files = (
				01C20A3F20EB97D600889247 /* ViewController.swift in Sources */,
				01C20A5220EB993900889247 /* MenuItem.swift in Sources */,
				01C20A4F20EB986800889247 /* GUMenuController.swift in Sources */,
				01C20A3D20EB97D600889247 /* AppDelegate.swift in Sources */,
				01D4F90C20ECC3C300B40829 /* MenuItemTableViewCell.swift in Sources */,
			);
			runOnlyForDeploymentPostprocessing = 0;
		};
/* End PBXSourcesBuildPhase section */

/* Begin PBXVariantGroup section */
		01C20A4020EB97D600889247 /* Main.storyboard */ = {
			isa = PBXVariantGroup;
			children = (
				01C20A4120EB97D600889247 /* Base */,
			);
			name = Main.storyboard;
			sourceTree = "<group>";
		};
		01C20A4520EB97D700889247 /* LaunchScreen.storyboard */ = {
			isa = PBXVariantGroup;
			children = (
				01C20A4620EB97D700889247 /* Base */,
			);
			name = LaunchScreen.storyboard;
			sourceTree = "<group>";
		};
/* End PBXVariantGroup section */

/* Begin XCBuildConfiguration section */
		01C20A4920EB97D700889247 /* Debug */ = {
			isa = XCBuildConfiguration;
			buildSettings = {
				ALWAYS_SEARCH_USER_PATHS = NO;
				CLANG_ANALYZER_NONNULL = YES;
				CLANG_ANALYZER_NUMBER_OBJECT_CONVERSION = YES_AGGRESSIVE;
				CLANG_CXX_LANGUAGE_STANDARD = "gnu++14";
				CLANG_CXX_LIBRARY = "libc++";
				CLANG_ENABLE_MODULES = YES;
				CLANG_ENABLE_OBJC_ARC = YES;
				CLANG_ENABLE_OBJC_WEAK = YES;
				CLANG_WARN_BLOCK_CAPTURE_AUTORELEASING = YES;
				CLANG_WARN_BOOL_CONVERSION = YES;
				CLANG_WARN_COMMA = YES;
				CLANG_WARN_CONSTANT_CONVERSION = YES;
				CLANG_WARN_DEPRECATED_OBJC_IMPLEMENTATIONS = YES;
				CLANG_WARN_DIRECT_OBJC_ISA_USAGE = YES_ERROR;
				CLANG_WARN_DOCUMENTATION_COMMENTS = YES;
				CLANG_WARN_EMPTY_BODY = YES;
				CLANG_WARN_ENUM_CONVERSION = YES;
				CLANG_WARN_INFINITE_RECURSION = YES;
				CLANG_WARN_INT_CONVERSION = YES;
				CLANG_WARN_NON_LITERAL_NULL_CONVERSION = YES;
				CLANG_WARN_OBJC_IMPLICIT_RETAIN_SELF = YES;
				CLANG_WARN_OBJC_LITERAL_CONVERSION = YES;
				CLANG_WARN_OBJC_ROOT_CLASS = YES_ERROR;
				CLANG_WARN_RANGE_LOOP_ANALYSIS = YES;
				CLANG_WARN_STRICT_PROTOTYPES = YES;
				CLANG_WARN_SUSPICIOUS_MOVE = YES;
				CLANG_WARN_UNGUARDED_AVAILABILITY = YES_AGGRESSIVE;
				CLANG_WARN_UNREACHABLE_CODE = YES;
				CLANG_WARN__DUPLICATE_METHOD_MATCH = YES;
				CODE_SIGN_IDENTITY = "iPhone Developer";
				COPY_PHASE_STRIP = NO;
				DEBUG_INFORMATION_FORMAT = dwarf;
				ENABLE_STRICT_OBJC_MSGSEND = YES;
				ENABLE_TESTABILITY = YES;
				GCC_C_LANGUAGE_STANDARD = gnu11;
				GCC_DYNAMIC_NO_PIC = NO;
				GCC_NO_COMMON_BLOCKS = YES;
				GCC_OPTIMIZATION_LEVEL = 0;
				GCC_PREPROCESSOR_DEFINITIONS = (
					"DEBUG=1",
					"$(inherited)",
				);
				GCC_WARN_64_TO_32_BIT_CONVERSION = YES;
				GCC_WARN_ABOUT_RETURN_TYPE = YES_ERROR;
				GCC_WARN_UNDECLARED_SELECTOR = YES;
				GCC_WARN_UNINITIALIZED_AUTOS = YES_AGGRESSIVE;
				GCC_WARN_UNUSED_FUNCTION = YES;
				GCC_WARN_UNUSED_VARIABLE = YES;
				IPHONEOS_DEPLOYMENT_TARGET = 11.4;
				MTL_ENABLE_DEBUG_INFO = YES;
				ONLY_ACTIVE_ARCH = YES;
				SDKROOT = iphoneos;
				SWIFT_ACTIVE_COMPILATION_CONDITIONS = DEBUG;
				SWIFT_OPTIMIZATION_LEVEL = "-Onone";
			};
			name = Debug;
		};
		01C20A4A20EB97D700889247 /* Release */ = {
			isa = XCBuildConfiguration;
			buildSettings = {
				ALWAYS_SEARCH_USER_PATHS = NO;
				CLANG_ANALYZER_NONNULL = YES;
				CLANG_ANALYZER_NUMBER_OBJECT_CONVERSION = YES_AGGRESSIVE;
				CLANG_CXX_LANGUAGE_STANDARD = "gnu++14";
				CLANG_CXX_LIBRARY = "libc++";
				CLANG_ENABLE_MODULES = YES;
				CLANG_ENABLE_OBJC_ARC = YES;
				CLANG_ENABLE_OBJC_WEAK = YES;
				CLANG_WARN_BLOCK_CAPTURE_AUTORELEASING = YES;
				CLANG_WARN_BOOL_CONVERSION = YES;
				CLANG_WARN_COMMA = YES;
				CLANG_WARN_CONSTANT_CONVERSION = YES;
				CLANG_WARN_DEPRECATED_OBJC_IMPLEMENTATIONS = YES;
				CLANG_WARN_DIRECT_OBJC_ISA_USAGE = YES_ERROR;
				CLANG_WARN_DOCUMENTATION_COMMENTS = YES;
				CLANG_WARN_EMPTY_BODY = YES;
				CLANG_WARN_ENUM_CONVERSION = YES;
				CLANG_WARN_INFINITE_RECURSION = YES;
				CLANG_WARN_INT_CONVERSION = YES;
				CLANG_WARN_NON_LITERAL_NULL_CONVERSION = YES;
				CLANG_WARN_OBJC_IMPLICIT_RETAIN_SELF = YES;
				CLANG_WARN_OBJC_LITERAL_CONVERSION = YES;
				CLANG_WARN_OBJC_ROOT_CLASS = YES_ERROR;
				CLANG_WARN_RANGE_LOOP_ANALYSIS = YES;
				CLANG_WARN_STRICT_PROTOTYPES = YES;
				CLANG_WARN_SUSPICIOUS_MOVE = YES;
				CLANG_WARN_UNGUARDED_AVAILABILITY = YES_AGGRESSIVE;
				CLANG_WARN_UNREACHABLE_CODE = YES;
				CLANG_WARN__DUPLICATE_METHOD_MATCH = YES;
				CODE_SIGN_IDENTITY = "iPhone Developer";
				COPY_PHASE_STRIP = NO;
				DEBUG_INFORMATION_FORMAT = "dwarf-with-dsym";
				ENABLE_NS_ASSERTIONS = NO;
				ENABLE_STRICT_OBJC_MSGSEND = YES;
				GCC_C_LANGUAGE_STANDARD = gnu11;
				GCC_NO_COMMON_BLOCKS = YES;
				GCC_WARN_64_TO_32_BIT_CONVERSION = YES;
				GCC_WARN_ABOUT_RETURN_TYPE = YES_ERROR;
				GCC_WARN_UNDECLARED_SELECTOR = YES;
				GCC_WARN_UNINITIALIZED_AUTOS = YES_AGGRESSIVE;
				GCC_WARN_UNUSED_FUNCTION = YES;
				GCC_WARN_UNUSED_VARIABLE = YES;
				IPHONEOS_DEPLOYMENT_TARGET = 11.4;
				MTL_ENABLE_DEBUG_INFO = NO;
				SDKROOT = iphoneos;
				SWIFT_COMPILATION_MODE = wholemodule;
				SWIFT_OPTIMIZATION_LEVEL = "-O";
				VALIDATE_PRODUCT = YES;
			};
			name = Release;
		};
		01C20A4C20EB97D700889247 /* Debug */ = {
			isa = XCBuildConfiguration;
			buildSettings = {
				ASSETCATALOG_COMPILER_APPICON_NAME = AppIcon;
				CODE_SIGN_STYLE = Automatic;
				DEVELOPMENT_TEAM = 48D8W284YY;
				INFOPLIST_FILE = MenuController/Info.plist;
				LD_RUNPATH_SEARCH_PATHS = (
					"$(inherited)",
					"@executable_path/Frameworks",
				);
				PRODUCT_BUNDLE_IDENTIFIER = me.gutte.controllers.MenuController;
				PRODUCT_NAME = "$(TARGET_NAME)";
				SWIFT_VERSION = 4.0;
				TARGETED_DEVICE_FAMILY = "1,2";
			};
			name = Debug;
		};
		01C20A4D20EB97D700889247 /* Release */ = {
			isa = XCBuildConfiguration;
			buildSettings = {
				ASSETCATALOG_COMPILER_APPICON_NAME = AppIcon;
				CODE_SIGN_STYLE = Automatic;
				DEVELOPMENT_TEAM = 48D8W284YY;
				INFOPLIST_FILE = MenuController/Info.plist;
				LD_RUNPATH_SEARCH_PATHS = (
					"$(inherited)",
					"@executable_path/Frameworks",
				);
				PRODUCT_BUNDLE_IDENTIFIER = me.gutte.controllers.MenuController;
				PRODUCT_NAME = "$(TARGET_NAME)";
				SWIFT_VERSION = 4.0;
				TARGETED_DEVICE_FAMILY = "1,2";
			};
			name = Release;
		};
/* End XCBuildConfiguration section */

/* Begin XCConfigurationList section */
		01C20A3420EB97D600889247 /* Build configuration list for PBXProject "MenuController" */ = {
			isa = XCConfigurationList;
			buildConfigurations = (
				01C20A4920EB97D700889247 /* Debug */,
				01C20A4A20EB97D700889247 /* Release */,
			);
			defaultConfigurationIsVisible = 0;
			defaultConfigurationName = Release;
		};
		01C20A4B20EB97D700889247 /* Build configuration list for PBXNativeTarget "MenuController" */ = {
			isa = XCConfigurationList;
			buildConfigurations = (
				01C20A4C20EB97D700889247 /* Debug */,
				01C20A4D20EB97D700889247 /* Release */,
			);
			defaultConfigurationIsVisible = 0;
			defaultConfigurationName = Release;
		};
/* End XCConfigurationList section */
	};
	rootObject = 01C20A3120EB97D600889247 /* Project object */;
}
